
Microsoft Visual Studio Solution File, Format Version 12.00
# Visual Studio Version 17
VisualStudioVersion = 17.9.34622.214
MinimumVisualStudioVersion = 10.0.40219.1
Project("{FAE04EC0-301F-11D3-BF4B-00C04F79EFBC}") = "Lez02_08_ContenitoriSemplici", "Lez02_08_ContenitoriSemplici.csproj", "{E125A7D2-74AA-44E0-AF98-A78F27975708}"
EndProject
Global
	GlobalSection(SolutionConfigurationPlatforms) = preSolution
		Debug|Any CPU = Debug|Any CPU
		Release|Any CPU = Release|Any CPU
	EndGlobalSection
	GlobalSection(ProjectConfigurationPlatforms) = postSolution
		{E125A7D2-74AA-44E0-AF98-A78F27975708}.Debug|Any CPU.ActiveCfg = Debug|Any CPU
		{E125A7D2-74AA-44E0-AF98-A78F27975708}.Debug|Any CPU.Build.0 = Debug|Any CPU
		{E125A7D2-74AA-44E0-AF98-A78F27975708}.Release|Any CPU.ActiveCfg = Release|Any CPU
		{E125A7D2-74AA-44E0-AF98-A78F27975708}.Release|Any CPU.Build.0 = Release|Any CPU
	EndGlobalSection
	GlobalSection(SolutionProperties) = preSolution
		HideSolutionNode = FALSE
	EndGlobalSection
	GlobalSection(ExtensibilityGlobals) = postSolution
		SolutionGuid = {AF0C81C0-C3D9-407E-9C0F-E1E21C9F466D}
	EndGlobalSection
EndGlobal
