
Microsoft Visual Studio Solution File, Format Version 12.00
# Visual Studio Version 17
VisualStudioVersion = 17.9.34622.214
MinimumVisualStudioVersion = 10.0.40219.1
Project("{FAE04EC0-301F-11D3-BF4B-00C04F79EFBC}") = "Lez05_02_StaticiEreditari", "Lez05_02_StaticiEreditari.csproj", "{699330D8-2732-4F08-AD7A-F04C666AB39F}"
EndProject
Global
	GlobalSection(SolutionConfigurationPlatforms) = preSolution
		Debug|Any CPU = Debug|Any CPU
		Release|Any CPU = Release|Any CPU
	EndGlobalSection
	GlobalSection(ProjectConfigurationPlatforms) = postSolution
		{699330D8-2732-4F08-AD7A-F04C666AB39F}.Debug|Any CPU.ActiveCfg = Debug|Any CPU
		{699330D8-2732-4F08-AD7A-F04C666AB39F}.Debug|Any CPU.Build.0 = Debug|Any CPU
		{699330D8-2732-4F08-AD7A-F04C666AB39F}.Release|Any CPU.ActiveCfg = Release|Any CPU
		{699330D8-2732-4F08-AD7A-F04C666AB39F}.Release|Any CPU.Build.0 = Release|Any CPU
	EndGlobalSection
	GlobalSection(SolutionProperties) = preSolution
		HideSolutionNode = FALSE
	EndGlobalSection
	GlobalSection(ExtensibilityGlobals) = postSolution
		SolutionGuid = {17F13B11-ACF8-4FD4-A663-2B63D347DDEF}
	EndGlobalSection
EndGlobal
