
Microsoft Visual Studio Solution File, Format Version 12.00
# Visual Studio Version 17
VisualStudioVersion = 17.9.34622.214
MinimumVisualStudioVersion = 10.0.40219.1
Project("{FAE04EC0-301F-11D3-BF4B-00C04F79EFBC}") = "Lez02_03_TaskTemperatura", "Lez02_03_TaskTemperatura.csproj", "{CAB3FF3D-7091-4214-8167-02AF24E9E505}"
EndProject
Global
	GlobalSection(SolutionConfigurationPlatforms) = preSolution
		Debug|Any CPU = Debug|Any CPU
		Release|Any CPU = Release|Any CPU
	EndGlobalSection
	GlobalSection(ProjectConfigurationPlatforms) = postSolution
		{CAB3FF3D-7091-4214-8167-02AF24E9E505}.Debug|Any CPU.ActiveCfg = Debug|Any CPU
		{CAB3FF3D-7091-4214-8167-02AF24E9E505}.Debug|Any CPU.Build.0 = Debug|Any CPU
		{CAB3FF3D-7091-4214-8167-02AF24E9E505}.Release|Any CPU.ActiveCfg = Release|Any CPU
		{CAB3FF3D-7091-4214-8167-02AF24E9E505}.Release|Any CPU.Build.0 = Release|Any CPU
	EndGlobalSection
	GlobalSection(SolutionProperties) = preSolution
		HideSolutionNode = FALSE
	EndGlobalSection
	GlobalSection(ExtensibilityGlobals) = postSolution
		SolutionGuid = {F010F164-F009-488A-8277-4FC5CBD1FB92}
	EndGlobalSection
EndGlobal
