
Microsoft Visual Studio Solution File, Format Version 12.00
# Visual Studio Version 17
VisualStudioVersion = 17.9.34622.214
MinimumVisualStudioVersion = 10.0.40219.1
Project("{FAE04EC0-301F-11D3-BF4B-00C04F79EFBC}") = "Lez04_01_Interfacce", "Lez04_01_Interfacce.csproj", "{1BE2F212-3EF0-48DC-8A8F-26780F2F292E}"
EndProject
Global
	GlobalSection(SolutionConfigurationPlatforms) = preSolution
		Debug|Any CPU = Debug|Any CPU
		Release|Any CPU = Release|Any CPU
	EndGlobalSection
	GlobalSection(ProjectConfigurationPlatforms) = postSolution
		{1BE2F212-3EF0-48DC-8A8F-26780F2F292E}.Debug|Any CPU.ActiveCfg = Debug|Any CPU
		{1BE2F212-3EF0-48DC-8A8F-26780F2F292E}.Debug|Any CPU.Build.0 = Debug|Any CPU
		{1BE2F212-3EF0-48DC-8A8F-26780F2F292E}.Release|Any CPU.ActiveCfg = Release|Any CPU
		{1BE2F212-3EF0-48DC-8A8F-26780F2F292E}.Release|Any CPU.Build.0 = Release|Any CPU
	EndGlobalSection
	GlobalSection(SolutionProperties) = preSolution
		HideSolutionNode = FALSE
	EndGlobalSection
	GlobalSection(ExtensibilityGlobals) = postSolution
		SolutionGuid = {ED6E6916-7794-4661-B1D5-1B0CC8B5D652}
	EndGlobalSection
EndGlobal
