
Microsoft Visual Studio Solution File, Format Version 12.00
# Visual Studio Version 17
VisualStudioVersion = 17.9.34622.214
MinimumVisualStudioVersion = 10.0.40219.1
Project("{FAE04EC0-301F-11D3-BF4B-00C04F79EFBC}") = "ProgettoEdicola", "ProgettoEdicola.csproj", "{AB870D2C-8CE8-4B3F-AA42-6EEFFD85166D}"
EndProject
Global
	GlobalSection(SolutionConfigurationPlatforms) = preSolution
		Debug|Any CPU = Debug|Any CPU
		Release|Any CPU = Release|Any CPU
	EndGlobalSection
	GlobalSection(ProjectConfigurationPlatforms) = postSolution
		{AB870D2C-8CE8-4B3F-AA42-6EEFFD85166D}.Debug|Any CPU.ActiveCfg = Debug|Any CPU
		{AB870D2C-8CE8-4B3F-AA42-6EEFFD85166D}.Debug|Any CPU.Build.0 = Debug|Any CPU
		{AB870D2C-8CE8-4B3F-AA42-6EEFFD85166D}.Release|Any CPU.ActiveCfg = Release|Any CPU
		{AB870D2C-8CE8-4B3F-AA42-6EEFFD85166D}.Release|Any CPU.Build.0 = Release|Any CPU
	EndGlobalSection
	GlobalSection(SolutionProperties) = preSolution
		HideSolutionNode = FALSE
	EndGlobalSection
	GlobalSection(ExtensibilityGlobals) = postSolution
		SolutionGuid = {AD0FDB59-20CC-43D3-8CA3-0E0132C2AB51}
	EndGlobalSection
EndGlobal
