
Microsoft Visual Studio Solution File, Format Version 12.00
# Visual Studio Version 17
VisualStudioVersion = 17.9.34622.214
MinimumVisualStudioVersion = 10.0.40219.1
Project("{FAE04EC0-301F-11D3-BF4B-00C04F79EFBC}") = "Lez03_07_InfoHidingIncapsulamento", "Lez03_07_InfoHidingIncapsulamento.csproj", "{BBB2A5B3-98B8-45CC-81BB-E96FD2EC7977}"
EndProject
Global
	GlobalSection(SolutionConfigurationPlatforms) = preSolution
		Debug|Any CPU = Debug|Any CPU
		Release|Any CPU = Release|Any CPU
	EndGlobalSection
	GlobalSection(ProjectConfigurationPlatforms) = postSolution
		{BBB2A5B3-98B8-45CC-81BB-E96FD2EC7977}.Debug|Any CPU.ActiveCfg = Debug|Any CPU
		{BBB2A5B3-98B8-45CC-81BB-E96FD2EC7977}.Debug|Any CPU.Build.0 = Debug|Any CPU
		{BBB2A5B3-98B8-45CC-81BB-E96FD2EC7977}.Release|Any CPU.ActiveCfg = Release|Any CPU
		{BBB2A5B3-98B8-45CC-81BB-E96FD2EC7977}.Release|Any CPU.Build.0 = Release|Any CPU
	EndGlobalSection
	GlobalSection(SolutionProperties) = preSolution
		HideSolutionNode = FALSE
	EndGlobalSection
	GlobalSection(ExtensibilityGlobals) = postSolution
		SolutionGuid = {C5AC38BE-DF50-44E2-82E1-57D6345DCE87}
	EndGlobalSection
EndGlobal
